
Microsoft Visual Studio Solution File, Format Version 12.00
# Visual Studio Version 16
VisualStudioVersion = 16.0.30804.86
MinimumVisualStudioVersion = 10.0.40219.1
Project("{FAE04EC0-301F-11D3-BF4B-00C04F79EFBC}") = "ClassMethodDemo", "ClassMethodDemo\ClassMethodDemo.csproj", "{D2D2FC24-43A6-4B0D-9458-85FF113F569B}"
EndProject
Global
	GlobalSection(SolutionConfigurationPlatforms) = preSolution
		Debug|Any CPU = Debug|Any CPU
		Release|Any CPU = Release|Any CPU
	EndGlobalSection
	GlobalSection(ProjectConfigurationPlatforms) = postSolution
		{D2D2FC24-43A6-4B0D-9458-85FF113F569B}.Debug|Any CPU.ActiveCfg = Debug|Any CPU
		{D2D2FC24-43A6-4B0D-9458-85FF113F569B}.Debug|Any CPU.Build.0 = Debug|Any CPU
		{D2D2FC24-43A6-4B0D-9458-85FF113F569B}.Release|Any CPU.ActiveCfg = Release|Any CPU
		{D2D2FC24-43A6-4B0D-9458-85FF113F569B}.Release|Any CPU.Build.0 = Release|Any CPU
	EndGlobalSection
	GlobalSection(SolutionProperties) = preSolution
		HideSolutionNode = FALSE
	EndGlobalSection
	GlobalSection(ExtensibilityGlobals) = postSolution
		SolutionGuid = {D40C19AC-E813-4586-8A3B-1D569AC2C259}
	EndGlobalSection
EndGlobal
